# This file is automatically @generated by Cargo.
# It is not intended for manual editing.
version = 3

[[package]]
name = "configparser"
version = "3.0.4"
source = "registry+https://github.com/rust-lang/crates.io-index"
checksum = "4ec6d3da8e550377a85339063af6e3735f4b1d9392108da4e083a1b3b9820288"

[[package]]
name = "taskmaster"
version = "0.1.0"
dependencies = [
 "configparser",
]
